
Microsoft Visual Studio Solution File, Format Version 12.00
# Visual Studio 14
VisualStudioVersion = 14.0.25123.0
MinimumVisualStudioVersion = 10.0.40219.1
Project("{FAE04EC0-301F-11D3-BF4B-00C04F79EFBC}") = "GraPwr.Droid", "GraPwr\GraPwr.Droid\GraPwr.Droid.csproj", "{28B65B3F-1FAF-4B75-9C3C-9BD2F159AA11}"
EndProject
Project("{FAE04EC0-301F-11D3-BF4B-00C04F79EFBC}") = "GraPwr", "GraPwr\GraPwr\GraPwr.csproj", "{26445B05-19AA-4A07-B71B-735267F78E54}"
EndProject
Global
	GlobalSection(SolutionConfigurationPlatforms) = preSolution
		Debug|Any CPU = Debug|Any CPU
		Debug|iPhone = Debug|iPhone
		Debug|iPhoneSimulator = Debug|iPhoneSimulator
		Release|Any CPU = Release|Any CPU
		Release|iPhone = Release|iPhone
		Release|iPhoneSimulator = Release|iPhoneSimulator
	EndGlobalSection
	GlobalSection(ProjectConfigurationPlatforms) = postSolution
		{28B65B3F-1FAF-4B75-9C3C-9BD2F159AA11}.Debug|Any CPU.ActiveCfg = Debug|Any CPU
		{28B65B3F-1FAF-4B75-9C3C-9BD2F159AA11}.Debug|Any CPU.Build.0 = Debug|Any CPU
		{28B65B3F-1FAF-4B75-9C3C-9BD2F159AA11}.Debug|Any CPU.Deploy.0 = Debug|Any CPU
		{28B65B3F-1FAF-4B75-9C3C-9BD2F159AA11}.Debug|iPhone.ActiveCfg = Debug|Any CPU
		{28B65B3F-1FAF-4B75-9C3C-9BD2F159AA11}.Debug|iPhone.Build.0 = Debug|Any CPU
		{28B65B3F-1FAF-4B75-9C3C-9BD2F159AA11}.Debug|iPhone.Deploy.0 = Debug|Any CPU
		{28B65B3F-1FAF-4B75-9C3C-9BD2F159AA11}.Debug|iPhoneSimulator.ActiveCfg = Debug|Any CPU
		{28B65B3F-1FAF-4B75-9C3C-9BD2F159AA11}.Debug|iPhoneSimulator.Build.0 = Debug|Any CPU
		{28B65B3F-1FAF-4B75-9C3C-9BD2F159AA11}.Debug|iPhoneSimulator.Deploy.0 = Debug|Any CPU
		{28B65B3F-1FAF-4B75-9C3C-9BD2F159AA11}.Release|Any CPU.ActiveCfg = Release|Any CPU
		{28B65B3F-1FAF-4B75-9C3C-9BD2F159AA11}.Release|Any CPU.Build.0 = Release|Any CPU
		{28B65B3F-1FAF-4B75-9C3C-9BD2F159AA11}.Release|Any CPU.Deploy.0 = Release|Any CPU
		{28B65B3F-1FAF-4B75-9C3C-9BD2F159AA11}.Release|iPhone.ActiveCfg = Release|Any CPU
		{28B65B3F-1FAF-4B75-9C3C-9BD2F159AA11}.Release|iPhone.Build.0 = Release|Any CPU
		{28B65B3F-1FAF-4B75-9C3C-9BD2F159AA11}.Release|iPhone.Deploy.0 = Release|Any CPU
		{28B65B3F-1FAF-4B75-9C3C-9BD2F159AA11}.Release|iPhoneSimulator.ActiveCfg = Release|Any CPU
		{28B65B3F-1FAF-4B75-9C3C-9BD2F159AA11}.Release|iPhoneSimulator.Build.0 = Release|Any CPU
		{28B65B3F-1FAF-4B75-9C3C-9BD2F159AA11}.Release|iPhoneSimulator.Deploy.0 = Release|Any CPU
		{26445B05-19AA-4A07-B71B-735267F78E54}.Debug|Any CPU.ActiveCfg = Debug|Any CPU
		{26445B05-19AA-4A07-B71B-735267F78E54}.Debug|Any CPU.Build.0 = Debug|Any CPU
		{26445B05-19AA-4A07-B71B-735267F78E54}.Debug|iPhone.ActiveCfg = Debug|Any CPU
		{26445B05-19AA-4A07-B71B-735267F78E54}.Debug|iPhone.Build.0 = Debug|Any CPU
		{26445B05-19AA-4A07-B71B-735267F78E54}.Debug|iPhoneSimulator.ActiveCfg = Debug|Any CPU
		{26445B05-19AA-4A07-B71B-735267F78E54}.Debug|iPhoneSimulator.Build.0 = Debug|Any CPU
		{26445B05-19AA-4A07-B71B-735267F78E54}.Release|Any CPU.ActiveCfg = Release|Any CPU
		{26445B05-19AA-4A07-B71B-735267F78E54}.Release|Any CPU.Build.0 = Release|Any CPU
		{26445B05-19AA-4A07-B71B-735267F78E54}.Release|iPhone.ActiveCfg = Release|Any CPU
		{26445B05-19AA-4A07-B71B-735267F78E54}.Release|iPhone.Build.0 = Release|Any CPU
		{26445B05-19AA-4A07-B71B-735267F78E54}.Release|iPhoneSimulator.ActiveCfg = Release|Any CPU
		{26445B05-19AA-4A07-B71B-735267F78E54}.Release|iPhoneSimulator.Build.0 = Release|Any CPU
	EndGlobalSection
	GlobalSection(SolutionProperties) = preSolution
		HideSolutionNode = FALSE
	EndGlobalSection
EndGlobal
